
Microsoft Visual Studio Solution File, Format Version 12.00
# Visual Studio Version 16
VisualStudioVersion = 16.0.32002.261
MinimumVisualStudioVersion = 10.0.40219.1
Project("{FAE04EC0-301F-11D3-BF4B-00C04F79EFBC}") = "Aula 25", "Aula 25.csproj", "{0D5C59EE-6C9C-4D2E-B0E7-F0A4BAA4FC4D}"
EndProject
Global
	GlobalSection(SolutionConfigurationPlatforms) = preSolution
		Debug|Any CPU = Debug|Any CPU
		Release|Any CPU = Release|Any CPU
	EndGlobalSection
	GlobalSection(ProjectConfigurationPlatforms) = postSolution
		{0D5C59EE-6C9C-4D2E-B0E7-F0A4BAA4FC4D}.Debug|Any CPU.ActiveCfg = Debug|Any CPU
		{0D5C59EE-6C9C-4D2E-B0E7-F0A4BAA4FC4D}.Debug|Any CPU.Build.0 = Debug|Any CPU
		{0D5C59EE-6C9C-4D2E-B0E7-F0A4BAA4FC4D}.Release|Any CPU.ActiveCfg = Release|Any CPU
		{0D5C59EE-6C9C-4D2E-B0E7-F0A4BAA4FC4D}.Release|Any CPU.Build.0 = Release|Any CPU
	EndGlobalSection
	GlobalSection(SolutionProperties) = preSolution
		HideSolutionNode = FALSE
	EndGlobalSection
	GlobalSection(ExtensibilityGlobals) = postSolution
		SolutionGuid = {D3AD489D-9011-40EB-9D3A-E79CD6D0D934}
	EndGlobalSection
EndGlobal
