
Microsoft Visual Studio Solution File, Format Version 12.00
# Visual Studio Version 16
VisualStudioVersion = 16.0.32002.261
MinimumVisualStudioVersion = 10.0.40219.1
Project("{FAE04EC0-301F-11D3-BF4B-00C04F79EFBC}") = "Aula", "Aula.csproj", "{78E65842-9C6B-4219-BC36-1E03BF3D630B}"
EndProject
Global
	GlobalSection(SolutionConfigurationPlatforms) = preSolution
		Debug|Any CPU = Debug|Any CPU
		Release|Any CPU = Release|Any CPU
	EndGlobalSection
	GlobalSection(ProjectConfigurationPlatforms) = postSolution
		{78E65842-9C6B-4219-BC36-1E03BF3D630B}.Debug|Any CPU.ActiveCfg = Debug|Any CPU
		{78E65842-9C6B-4219-BC36-1E03BF3D630B}.Debug|Any CPU.Build.0 = Debug|Any CPU
		{78E65842-9C6B-4219-BC36-1E03BF3D630B}.Release|Any CPU.ActiveCfg = Release|Any CPU
		{78E65842-9C6B-4219-BC36-1E03BF3D630B}.Release|Any CPU.Build.0 = Release|Any CPU
	EndGlobalSection
	GlobalSection(SolutionProperties) = preSolution
		HideSolutionNode = FALSE
	EndGlobalSection
	GlobalSection(ExtensibilityGlobals) = postSolution
		SolutionGuid = {0A985E35-6208-4561-A73D-B0F44D0F6C81}
	EndGlobalSection
EndGlobal
