
Microsoft Visual Studio Solution File, Format Version 12.00
# Visual Studio Version 16
VisualStudioVersion = 16.0.32002.261
MinimumVisualStudioVersion = 10.0.40219.1
Project("{FAE04EC0-301F-11D3-BF4B-00C04F79EFBC}") = "Aula 24", "Aula 24.csproj", "{B1E00334-7500-42DD-8338-7560F0C58FCF}"
EndProject
Global
	GlobalSection(SolutionConfigurationPlatforms) = preSolution
		Debug|Any CPU = Debug|Any CPU
		Release|Any CPU = Release|Any CPU
	EndGlobalSection
	GlobalSection(ProjectConfigurationPlatforms) = postSolution
		{B1E00334-7500-42DD-8338-7560F0C58FCF}.Debug|Any CPU.ActiveCfg = Debug|Any CPU
		{B1E00334-7500-42DD-8338-7560F0C58FCF}.Debug|Any CPU.Build.0 = Debug|Any CPU
		{B1E00334-7500-42DD-8338-7560F0C58FCF}.Release|Any CPU.ActiveCfg = Release|Any CPU
		{B1E00334-7500-42DD-8338-7560F0C58FCF}.Release|Any CPU.Build.0 = Release|Any CPU
	EndGlobalSection
	GlobalSection(SolutionProperties) = preSolution
		HideSolutionNode = FALSE
	EndGlobalSection
	GlobalSection(ExtensibilityGlobals) = postSolution
		SolutionGuid = {340A7C8B-FD63-42AF-86D5-2F22C0D778DC}
	EndGlobalSection
EndGlobal
