
Microsoft Visual Studio Solution File, Format Version 12.00
# Visual Studio Version 16
VisualStudioVersion = 16.0.32228.343
MinimumVisualStudioVersion = 10.0.40219.1
Project("{FAE04EC0-301F-11D3-BF4B-00C04F79EFBC}") = "1131", "1131.csproj", "{71195FD3-1220-44C0-8BC3-A204C8E76385}"
EndProject
Global
	GlobalSection(SolutionConfigurationPlatforms) = preSolution
		Debug|Any CPU = Debug|Any CPU
		Release|Any CPU = Release|Any CPU
	EndGlobalSection
	GlobalSection(ProjectConfigurationPlatforms) = postSolution
		{71195FD3-1220-44C0-8BC3-A204C8E76385}.Debug|Any CPU.ActiveCfg = Debug|Any CPU
		{71195FD3-1220-44C0-8BC3-A204C8E76385}.Debug|Any CPU.Build.0 = Debug|Any CPU
		{71195FD3-1220-44C0-8BC3-A204C8E76385}.Release|Any CPU.ActiveCfg = Release|Any CPU
		{71195FD3-1220-44C0-8BC3-A204C8E76385}.Release|Any CPU.Build.0 = Release|Any CPU
	EndGlobalSection
	GlobalSection(SolutionProperties) = preSolution
		HideSolutionNode = FALSE
	EndGlobalSection
	GlobalSection(ExtensibilityGlobals) = postSolution
		SolutionGuid = {A39FB246-5A18-4D8A-B1E8-9717948486A7}
	EndGlobalSection
EndGlobal
