
Microsoft Visual Studio Solution File, Format Version 12.00
# Visual Studio Version 16
VisualStudioVersion = 16.0.32002.261
MinimumVisualStudioVersion = 10.0.40219.1
Project("{FAE04EC0-301F-11D3-BF4B-00C04F79EFBC}") = "Aula 18", "Aula 18\Aula 18.csproj", "{78D4769F-3828-4859-9B4C-D43F15C28A31}"
EndProject
Global
	GlobalSection(SolutionConfigurationPlatforms) = preSolution
		Debug|Any CPU = Debug|Any CPU
		Release|Any CPU = Release|Any CPU
	EndGlobalSection
	GlobalSection(ProjectConfigurationPlatforms) = postSolution
		{78D4769F-3828-4859-9B4C-D43F15C28A31}.Debug|Any CPU.ActiveCfg = Debug|Any CPU
		{78D4769F-3828-4859-9B4C-D43F15C28A31}.Debug|Any CPU.Build.0 = Debug|Any CPU
		{78D4769F-3828-4859-9B4C-D43F15C28A31}.Release|Any CPU.ActiveCfg = Release|Any CPU
		{78D4769F-3828-4859-9B4C-D43F15C28A31}.Release|Any CPU.Build.0 = Release|Any CPU
	EndGlobalSection
	GlobalSection(SolutionProperties) = preSolution
		HideSolutionNode = FALSE
	EndGlobalSection
	GlobalSection(ExtensibilityGlobals) = postSolution
		SolutionGuid = {F9FB6678-9080-4B8E-AD0A-2E4408CC1FAF}
	EndGlobalSection
EndGlobal
