
Microsoft Visual Studio Solution File, Format Version 12.00
# Visual Studio Version 16
VisualStudioVersion = 16.0.32002.261
MinimumVisualStudioVersion = 10.0.40219.1
Project("{FAE04EC0-301F-11D3-BF4B-00C04F79EFBC}") = "Aula19", "Aula19\Aula19.csproj", "{46D0D7EC-B405-42FC-8738-D82DF32CB75A}"
EndProject
Global
	GlobalSection(SolutionConfigurationPlatforms) = preSolution
		Debug|Any CPU = Debug|Any CPU
		Release|Any CPU = Release|Any CPU
	EndGlobalSection
	GlobalSection(ProjectConfigurationPlatforms) = postSolution
		{46D0D7EC-B405-42FC-8738-D82DF32CB75A}.Debug|Any CPU.ActiveCfg = Debug|Any CPU
		{46D0D7EC-B405-42FC-8738-D82DF32CB75A}.Debug|Any CPU.Build.0 = Debug|Any CPU
		{46D0D7EC-B405-42FC-8738-D82DF32CB75A}.Release|Any CPU.ActiveCfg = Release|Any CPU
		{46D0D7EC-B405-42FC-8738-D82DF32CB75A}.Release|Any CPU.Build.0 = Release|Any CPU
	EndGlobalSection
	GlobalSection(SolutionProperties) = preSolution
		HideSolutionNode = FALSE
	EndGlobalSection
	GlobalSection(ExtensibilityGlobals) = postSolution
		SolutionGuid = {64C27F15-00E2-4F21-A831-5C40A4EE0760}
	EndGlobalSection
EndGlobal
