
Microsoft Visual Studio Solution File, Format Version 12.00
# Visual Studio Version 16
VisualStudioVersion = 16.0.32228.343
MinimumVisualStudioVersion = 10.0.40219.1
Project("{FAE04EC0-301F-11D3-BF4B-00C04F79EFBC}") = "Exercicio", "Exercicio.csproj", "{74E1C378-0DE4-4318-97A3-135940ECEB1E}"
EndProject
Global
	GlobalSection(SolutionConfigurationPlatforms) = preSolution
		Debug|Any CPU = Debug|Any CPU
		Release|Any CPU = Release|Any CPU
	EndGlobalSection
	GlobalSection(ProjectConfigurationPlatforms) = postSolution
		{74E1C378-0DE4-4318-97A3-135940ECEB1E}.Debug|Any CPU.ActiveCfg = Debug|Any CPU
		{74E1C378-0DE4-4318-97A3-135940ECEB1E}.Debug|Any CPU.Build.0 = Debug|Any CPU
		{74E1C378-0DE4-4318-97A3-135940ECEB1E}.Release|Any CPU.ActiveCfg = Release|Any CPU
		{74E1C378-0DE4-4318-97A3-135940ECEB1E}.Release|Any CPU.Build.0 = Release|Any CPU
	EndGlobalSection
	GlobalSection(SolutionProperties) = preSolution
		HideSolutionNode = FALSE
	EndGlobalSection
	GlobalSection(ExtensibilityGlobals) = postSolution
		SolutionGuid = {A22FE91D-3AEC-47FE-9F00-A05B1B014F49}
	EndGlobalSection
EndGlobal
